
Microsoft Visual Studio Solution File, Format Version 12.00
# Visual Studio Version 16
VisualStudioVersion = 16.0.29519.87
MinimumVisualStudioVersion = 10.0.40219.1
Project("{9A19103F-16F7-4668-BE54-9A1E7A4F7556}") = "cutil", "src\cutil\cutil.csproj", "{71622FAE-4A6C-4BFB-B93D-53DA7C2DA333}"
EndProject
Project("{9A19103F-16F7-4668-BE54-9A1E7A4F7556}") = "ConsoleHelpers", "src\ConsoleHelpers\ConsoleHelpers.csproj", "{7289F080-D23D-4E96-99BA-599D971B1A7E}"
EndProject
Project("{9A19103F-16F7-4668-BE54-9A1E7A4F7556}") = "KeyValueHelpers", "src\KeyValueHelpers\KeyValueHelpers.csproj", "{D3736851-8BDD-49CA-A3AD-418B25372D98}"
EndProject
Global
	GlobalSection(SolutionConfigurationPlatforms) = preSolution
		Debug|Any CPU = Debug|Any CPU
		Release|Any CPU = Release|Any CPU
	EndGlobalSection
	GlobalSection(ProjectConfigurationPlatforms) = postSolution
		{71622FAE-4A6C-4BFB-B93D-53DA7C2DA333}.Debug|Any CPU.ActiveCfg = Debug|Any CPU
		{71622FAE-4A6C-4BFB-B93D-53DA7C2DA333}.Debug|Any CPU.Build.0 = Debug|Any CPU
		{71622FAE-4A6C-4BFB-B93D-53DA7C2DA333}.Release|Any CPU.ActiveCfg = Release|Any CPU
		{71622FAE-4A6C-4BFB-B93D-53DA7C2DA333}.Release|Any CPU.Build.0 = Release|Any CPU
		{7289F080-D23D-4E96-99BA-599D971B1A7E}.Debug|Any CPU.ActiveCfg = Debug|Any CPU
		{7289F080-D23D-4E96-99BA-599D971B1A7E}.Debug|Any CPU.Build.0 = Debug|Any CPU
		{7289F080-D23D-4E96-99BA-599D971B1A7E}.Release|Any CPU.ActiveCfg = Release|Any CPU
		{7289F080-D23D-4E96-99BA-599D971B1A7E}.Release|Any CPU.Build.0 = Release|Any CPU
		{D3736851-8BDD-49CA-A3AD-418B25372D98}.Debug|Any CPU.ActiveCfg = Debug|Any CPU
		{D3736851-8BDD-49CA-A3AD-418B25372D98}.Debug|Any CPU.Build.0 = Debug|Any CPU
		{D3736851-8BDD-49CA-A3AD-418B25372D98}.Release|Any CPU.ActiveCfg = Release|Any CPU
		{D3736851-8BDD-49CA-A3AD-418B25372D98}.Release|Any CPU.Build.0 = Release|Any CPU
	EndGlobalSection
	GlobalSection(SolutionProperties) = preSolution
		HideSolutionNode = FALSE
	EndGlobalSection
	GlobalSection(ExtensibilityGlobals) = postSolution
		SolutionGuid = {D600DDDA-8EF1-427B-AE0B-5F398D000F50}
	EndGlobalSection
EndGlobal
